dependencies:
  throttle-debounce: 2.3.0
devDependencies:
  '@apollo/client': 3.3.19
  '@types/throttle-debounce': 2.1.0
  vue: 3.1.1
lockfileVersion: 5.2
packages:
  /@apollo/client/3.3.19:
    dependencies:
      '@graphql-typed-document-node/core': 3.1.0
      '@types/zen-observable': 0.8.2
      '@wry/context': 0.6.0
      '@wry/equality': 0.4.0
      fast-json-stable-stringify: 2.1.0
      graphql-tag: 2.12.4
      hoist-non-react-statics: 3.3.2
      optimism: 0.16.1
      prop-types: 15.7.2
      symbol-observable: 2.0.3
      ts-invariant: 0.7.3
      tslib: 1.14.1
      zen-observable: 0.8.15
    dev: true
    peerDependencies:
      graphql: ^14.0.0 || ^15.0.0
      react: ^16.8.0 || ^17.0.0
      subscriptions-transport-ws: ^0.9.0
    peerDependenciesMeta:
      react:
        optional: true
      subscriptions-transport-ws:
        optional: true
    resolution:
      integrity: sha512-vzljWLPP0GwocfBhUopzDCUwsiaNTtii1eu8qDybAXqwj4/ZhnIM46c6dNQmnVcJpAIFRIsNCOxM4OlMDySJug==
  /@babel/helper-validator-identifier/7.14.5:
    dev: true
    engines:
      node: '>=6.9.0'
    resolution:
      integrity: sha512-5lsetuxCLilmVGyiLEfoHBRX8UCFD+1m2x3Rj97WrW3V7H3u4RWRXA4evMjImCsin2J2YT0QaVDGf+z8ondbAg==
  /@babel/parser/7.14.6:
    dev: true
    engines:
      node: '>=6.0.0'
    hasBin: true
    resolution:
      integrity: sha512-oG0ej7efjEXxb4UgE+klVx+3j4MVo+A2vCzm7OUN4CLo6WhQ+vSOD2yJ8m7B+DghObxtLxt3EfgMWpq+AsWehQ==
  /@babel/types/7.14.5:
    dependencies:
      '@babel/helper-validator-identifier': 7.14.5
      to-fast-properties: 2.0.0
    dev: true
    engines:
      node: '>=6.9.0'
    resolution:
      integrity: sha512-M/NzBpEL95I5Hh4dwhin5JlE7EzO5PHMAuzjxss3tiOBD46KfQvVedN/3jEPZvdRvtsK2222XfdHogNIttFgcg==
  /@graphql-typed-document-node/core/3.1.0:
    dev: true
    peerDependencies:
      graphql: ^0.8.0 || ^0.9.0 || ^0.10.0 || ^0.11.0 || ^0.12.0 || ^0.13.0 || ^14.0.0 || ^15.0.0
    resolution:
      integrity: sha512-wYn6r8zVZyQJ6rQaALBEln5B1pzxb9shV5Ef97kTvn6yVGrqyXVnDqnU24MXnFubR+rZjBY9NWuxX3FB2sTsjg==
  /@types/throttle-debounce/2.1.0:
    dev: true
    resolution:
      integrity: sha512-5eQEtSCoESnh2FsiLTxE121IiE60hnMqcb435fShf4bpLRjEu1Eoekht23y6zXS9Ts3l+Szu3TARnTsA0GkOkQ==
  /@types/zen-observable/0.8.2:
    dev: true
    resolution:
      integrity: sha512-HrCIVMLjE1MOozVoD86622S7aunluLb2PJdPfb3nYiEtohm8mIB/vyv0Fd37AdeMFrTUQXEunw78YloMA3Qilg==
  /@vue/compiler-core/3.1.1:
    dependencies:
      '@babel/parser': 7.14.6
      '@babel/types': 7.14.5
      '@vue/shared': 3.1.1
      estree-walker: 2.0.2
      source-map: 0.6.1
    dev: true
    resolution:
      integrity: sha512-Z1RO3T6AEtAUFf2EqqovFm3ohAeTvFzRtB0qUENW2nEerJfdlk13/LS1a0EgsqlzxmYfR/S/S/gW9PLbFZZxkA==
  /@vue/compiler-dom/3.1.1:
    dependencies:
      '@vue/compiler-core': 3.1.1
      '@vue/shared': 3.1.1
    dev: true
    resolution:
      integrity: sha512-nobRIo0t5ibzg+q8nC31m+aJhbq8FbWUoKvk6h3Vs1EqTDJaj6lBTcVTq5or8AYht7FbSpdAJ81isbJ1rWNX7A==
  /@vue/reactivity/3.1.1:
    dependencies:
      '@vue/shared': 3.1.1
    dev: true
    resolution:
      integrity: sha512-DsH5woNVCcPK1M0RRYVgJEU1GJDU2ASOKpAqW3ppHk+XjoFLCbqc/26RTCgTpJYd9z8VN+79Q1u7/QqgQPbuLQ==
  /@vue/runtime-core/3.1.1:
    dependencies:
      '@vue/reactivity': 3.1.1
      '@vue/shared': 3.1.1
    dev: true
    resolution:
      integrity: sha512-GboqR02txOtkd9F3Ysd8ltPL68vTCqIx2p/J52/gFtpgb5FG9hvOAPEwFUqxeEJRu7ResvQnmdOHiEycGPCLhQ==
  /@vue/runtime-dom/3.1.1:
    dependencies:
      '@vue/runtime-core': 3.1.1
      '@vue/shared': 3.1.1
      csstype: 2.6.17
    dev: true
    resolution:
      integrity: sha512-o57n/199e/BBAmLRMSXmD2r12Old/h/gf6BgL0RON1NT2pwm6MWaMY4Ul55eyq+FsDILz4jR/UgoPQ9vYB8xcw==
  /@vue/shared/3.1.1:
    dev: true
    resolution:
      integrity: sha512-g+4pzAw7PYSjARtLBoDq6DmcblX8i9KJHSCnyM5VDDFFifUaUT9iHbFpOF/KOizQ9f7QAqU2JH3Y6aXjzUMhVA==
  /@wry/context/0.6.0:
    dependencies:
      tslib: 2.2.0
    dev: true
    engines:
      node: '>=8'
    resolution:
      integrity: sha512-sAgendOXR8dM7stJw3FusRxFHF/ZinU0lffsA2YTyyIOfic86JX02qlPqPVqJNZJPAxFt+2EE8bvq6ZlS0Kf+Q==
  /@wry/equality/0.4.0:
    dependencies:
      tslib: 2.2.0
    dev: true
    engines:
      node: '>=8'
    resolution:
      integrity: sha512-DxN/uawWfhRbgYE55zVCPOoe+jvsQ4m7PT1Wlxjyb/LCCLuU1UsucV2BbCxFAX8bjcSueFBbB5Qfj1Zfe8e7Fw==
  /@wry/trie/0.3.0:
    dependencies:
      tslib: 2.2.0
    dev: true
    engines:
      node: '>=8'
    resolution:
      integrity: sha512-Yw1akIogPhAT6XPYsRHlZZIS0tIGmAl9EYXHi2scf7LPKKqdqmow/Hu4kEqP2cJR3EjaU/9L0ZlAjFf3hFxmug==
  /csstype/2.6.17:
    dev: true
    resolution:
      integrity: sha512-u1wmTI1jJGzCJzWndZo8mk4wnPTZd1eOIYTYvuEyOQGfmDl3TrabCCfKnOC86FZwW/9djqTl933UF/cS425i9A==
  /estree-walker/2.0.2:
    dev: true
    resolution:
      integrity: sha512-Rfkk/Mp/DL7JVje3u18FxFujQlTNR2q6QfMSMB7AvCBx91NGj/ba3kCfza0f6dVDbw7YlRf/nDrn7pQrCCyQ/w==
  /fast-json-stable-stringify/2.1.0:
    dev: true
    resolution:
      integrity: sha512-lhd/wF+Lk98HZoTCtlVraHtfh5XYijIjalXck7saUtuanSDyLMxnHhSXEDJqHxD7msR8D0uCmqlkwjCV8xvwHw==
  /graphql-tag/2.12.4:
    dependencies:
      tslib: 2.2.0
    dev: true
    engines:
      node: '>=10'
    peerDependencies:
      graphql: ^0.9.0 || ^0.10.0 || ^0.11.0 || ^0.12.0 || ^0.13.0 || ^14.0.0 || ^15.0.0
    resolution:
      integrity: sha512-VV1U4O+9x99EkNpNmCUV5RZwq6MnK4+pGbRYWG+lA/m3uo7TSqJF81OkcOP148gFP6fzdl7JWYBrwWVTS9jXww==
  /hoist-non-react-statics/3.3.2:
    dependencies:
      react-is: 16.13.1
    dev: true
    resolution:
      integrity: sha512-/gGivxi8JPKWNm/W0jSmzcMPpfpPLc3dY/6GxhX2hQ9iGj3aDfklV4ET7NjKpSinLpJ5vafa9iiGIEZg10SfBw==
  /js-tokens/4.0.0:
    dev: true
    resolution:
      integrity: sha512-RdJUflcE3cUzKiMqQgsCu06FPu9UdIJO0beYbPhHN4k6apgJtifcoCtT9bcxOpYBtpD2kCM6Sbzg4CausW/PKQ==
  /loose-envify/1.4.0:
    dependencies:
      js-tokens: 4.0.0
    dev: true
    hasBin: true
    resolution:
      integrity: sha512-lyuxPGr/Wfhrlem2CL/UcnUc1zcqKAImBDzukY7Y5F/yQiNdko6+fRLevlw1HgMySw7f611UIY408EtxRSoK3Q==
  /object-assign/4.1.1:
    dev: true
    engines:
      node: '>=0.10.0'
    resolution:
      integrity: sha1-IQmtx5ZYh8/AXLvUQsrIv7s2CGM=
  /optimism/0.16.1:
    dependencies:
      '@wry/context': 0.6.0
      '@wry/trie': 0.3.0
    dev: true
    resolution:
      integrity: sha512-64i+Uw3otrndfq5kaoGNoY7pvOhSsjFEN4bdEFh80MWVk/dbgJfMv7VFDeCT8LxNAlEVhQmdVEbfE7X2nWNIIg==
  /prop-types/15.7.2:
    dependencies:
      loose-envify: 1.4.0
      object-assign: 4.1.1
      react-is: 16.13.1
    dev: true
    resolution:
      integrity: sha512-8QQikdH7//R2vurIJSutZ1smHYTcLpRWEOlHnzcWHmBYrOGUysKwSsrC89BCiFj3CbrfJ/nXFdJepOVrY1GCHQ==
  /react-is/16.13.1:
    dev: true
    resolution:
      integrity: sha512-24e6ynE2H+OKt4kqsOvNd8kBpV65zoxbA4BVsEOB3ARVWQki/DHzaUoC5KuON/BiccDaCCTZBuOcfZs70kR8bQ==
  /source-map/0.6.1:
    dev: true
    engines:
      node: '>=0.10.0'
    resolution:
      integrity: sha512-UjgapumWlbMhkBgzT7Ykc5YXUT46F0iKu8SGXq0bcwP5dz/h0Plj6enJqjz1Zbq2l5WaqYnrVbwWOWMyF3F47g==
  /symbol-observable/2.0.3:
    dev: true
    engines:
      node: '>=0.10'
    resolution:
      integrity: sha512-sQV7phh2WCYAn81oAkakC5qjq2Ml0g8ozqz03wOGnx9dDlG1de6yrF+0RAzSJD8fPUow3PTSMf2SAbOGxb93BA==
  /throttle-debounce/2.3.0:
    dev: false
    engines:
      node: '>=8'
    resolution:
      integrity: sha512-H7oLPV0P7+jgvrk+6mwwwBDmxTaxnu9HMXmloNLXwnNO0ZxZ31Orah2n8lU1eMPvsaowP2CX+USCgyovXfdOFQ==
  /to-fast-properties/2.0.0:
    dev: true
    engines:
      node: '>=4'
    resolution:
      integrity: sha1-3F5pjL0HkmW8c+A3doGk5Og/YW4=
  /ts-invariant/0.7.3:
    dependencies:
      tslib: 2.2.0
    dev: true
    engines:
      node: '>=8'
    resolution:
      integrity: sha512-UWDDeovyUTIMWj+45g5nhnl+8oo+GhxL5leTaHn5c8FkQWfh8v66gccLd2/YzVmV5hoQUjCEjhrXnQqVDJdvKA==
  /tslib/1.14.1:
    dev: true
    resolution:
      integrity: sha512-Xni35NKzjgMrwevysHTCArtLDpPvye8zV/0E4EyYn43P7/7qvQwPh9BGkHewbMulVntbigmcT7rdX3BNo9wRJg==
  /tslib/2.2.0:
    dev: true
    resolution:
      integrity: sha512-gS9GVHRU+RGn5KQM2rllAlR3dU6m7AcpJKdtH8gFvQiC4Otgk98XnmMU+nZenHt/+VhnBPWwgrJsyrdcw6i23w==
  /vue/3.1.1:
    dependencies:
      '@vue/compiler-dom': 3.1.1
      '@vue/runtime-dom': 3.1.1
      '@vue/shared': 3.1.1
    dev: true
    resolution:
      integrity: sha512-j9fj3PNPMxo2eqOKYjMuss9XBS8ZtmczLY3kPvjcp9d3DbhyNqLYbaMQH18+1pDIzzVvQCQBvIf774LsjjqSKA==
  /zen-observable/0.8.15:
    dev: true
    resolution:
      integrity: sha512-PQ2PC7R9rslx84ndNBZB/Dkv8V8fZEpk83RLgXtYd0fwUgEjseMn1Dgajh2x6S8QbZAFa9p2qVCEuYZNgve0dQ==
specifiers:
  '@apollo/client': ^3.0.0
  '@types/throttle-debounce': ^2.1.0
  throttle-debounce: ^2.3.0
  vue: ^3.1.0
